
Microsoft Visual Studio Solution File, Format Version 12.00
# Visual Studio Version 17
VisualStudioVersion = 17.2.32516.85
MinimumVisualStudioVersion = 10.0.40219.1
Project("{FAE04EC0-301F-11D3-BF4B-00C04F79EFBC}") = "CinemaFilm", "CinemaFilm.csproj", "{A010E648-CA75-4988-B022-6AD4E0ECA7DD}"
EndProject
Global
	GlobalSection(SolutionConfigurationPlatforms) = preSolution
		Debug|Any CPU = Debug|Any CPU
		Release|Any CPU = Release|Any CPU
	EndGlobalSection
	GlobalSection(ProjectConfigurationPlatforms) = postSolution
		{A010E648-CA75-4988-B022-6AD4E0ECA7DD}.Debug|Any CPU.ActiveCfg = Debug|Any CPU
		{A010E648-CA75-4988-B022-6AD4E0ECA7DD}.Debug|Any CPU.Build.0 = Debug|Any CPU
		{A010E648-CA75-4988-B022-6AD4E0ECA7DD}.Release|Any CPU.ActiveCfg = Release|Any CPU
		{A010E648-CA75-4988-B022-6AD4E0ECA7DD}.Release|Any CPU.Build.0 = Release|Any CPU
	EndGlobalSection
	GlobalSection(SolutionProperties) = preSolution
		HideSolutionNode = FALSE
	EndGlobalSection
	GlobalSection(ExtensibilityGlobals) = postSolution
		SolutionGuid = {6E7CBE42-8C6A-4441-93CE-353175723604}
	EndGlobalSection
EndGlobal
